
Microsoft Visual Studio Solution File, Format Version 12.00
# Visual Studio Version 17
VisualStudioVersion = 17.13.35913.81
MinimumVisualStudioVersion = 10.0.40219.1
Project("{FAE04EC0-301F-11D3-BF4B-00C04F79EFBC}") = "servermgr", "servermgr\servermgr.csproj", "{2B629DE3-5211-44C5-9BA9-AC41FE6FCB0D}"
EndProject
Project("{FAE04EC0-301F-11D3-BF4B-00C04F79EFBC}") = "serverplatform", "serverplatform\serverplatform.csproj", "{467EE3C6-2F32-4BD0-82E9-00ED62B0A11E}"
EndProject
Project("{FAE04EC0-301F-11D3-BF4B-00C04F79EFBC}") = "frontend", "frontend\frontend.csproj", "{892FA7E8-301B-4F96-AC08-A8585BC211E7}"
EndProject
Project("{FAE04EC0-301F-11D3-BF4B-00C04F79EFBC}") = "installer", "installer\installer.csproj", "{7601C1EF-9438-4AF1-A5FF-4F22DC5FB13C}"
EndProject
Global
	GlobalSection(SolutionConfigurationPlatforms) = preSolution
		Debug|Any CPU = Debug|Any CPU
		Release|Any CPU = Release|Any CPU
	EndGlobalSection
	GlobalSection(ProjectConfigurationPlatforms) = postSolution
		{2B629DE3-5211-44C5-9BA9-AC41FE6FCB0D}.Debug|Any CPU.ActiveCfg = Debug|Any CPU
		{2B629DE3-5211-44C5-9BA9-AC41FE6FCB0D}.Debug|Any CPU.Build.0 = Debug|Any CPU
		{2B629DE3-5211-44C5-9BA9-AC41FE6FCB0D}.Release|Any CPU.ActiveCfg = Release|Any CPU
		{2B629DE3-5211-44C5-9BA9-AC41FE6FCB0D}.Release|Any CPU.Build.0 = Release|Any CPU
		{467EE3C6-2F32-4BD0-82E9-00ED62B0A11E}.Debug|Any CPU.ActiveCfg = Debug|Any CPU
		{467EE3C6-2F32-4BD0-82E9-00ED62B0A11E}.Debug|Any CPU.Build.0 = Debug|Any CPU
		{467EE3C6-2F32-4BD0-82E9-00ED62B0A11E}.Release|Any CPU.ActiveCfg = Release|Any CPU
		{467EE3C6-2F32-4BD0-82E9-00ED62B0A11E}.Release|Any CPU.Build.0 = Release|Any CPU
		{892FA7E8-301B-4F96-AC08-A8585BC211E7}.Debug|Any CPU.ActiveCfg = Debug|Any CPU
		{892FA7E8-301B-4F96-AC08-A8585BC211E7}.Debug|Any CPU.Build.0 = Debug|Any CPU
		{892FA7E8-301B-4F96-AC08-A8585BC211E7}.Release|Any CPU.ActiveCfg = Release|Any CPU
		{892FA7E8-301B-4F96-AC08-A8585BC211E7}.Release|Any CPU.Build.0 = Release|Any CPU
		{7601C1EF-9438-4AF1-A5FF-4F22DC5FB13C}.Debug|Any CPU.ActiveCfg = Debug|Any CPU
		{7601C1EF-9438-4AF1-A5FF-4F22DC5FB13C}.Debug|Any CPU.Build.0 = Debug|Any CPU
		{7601C1EF-9438-4AF1-A5FF-4F22DC5FB13C}.Release|Any CPU.ActiveCfg = Release|Any CPU
		{7601C1EF-9438-4AF1-A5FF-4F22DC5FB13C}.Release|Any CPU.Build.0 = Release|Any CPU
	EndGlobalSection
	GlobalSection(SolutionProperties) = preSolution
		HideSolutionNode = FALSE
	EndGlobalSection
	GlobalSection(ExtensibilityGlobals) = postSolution
		SolutionGuid = {6D7BAA18-B793-435F-B52D-5461C3820910}
	EndGlobalSection
EndGlobal
